
Microsoft Visual Studio Solution File, Format Version 12.00
# Visual Studio 15
VisualStudioVersion = 15.0.27428.2037
MinimumVisualStudioVersion = 10.0.40219.1
Project("{FAE04EC0-301F-11D3-BF4B-00C04F79EFBC}") = "IT", "IT\IT.csproj", "{24C8E797-9609-4F11-8C0D-EC2AD7BB0203}"
EndProject
Global
	GlobalSection(SolutionConfigurationPlatforms) = preSolution
		Debug|Any CPU = Debug|Any CPU
		Release|Any CPU = Release|Any CPU
	EndGlobalSection
	GlobalSection(ProjectConfigurationPlatforms) = postSolution
		{24C8E797-9609-4F11-8C0D-EC2AD7BB0203}.Debug|Any CPU.ActiveCfg = Debug|Any CPU
		{24C8E797-9609-4F11-8C0D-EC2AD7BB0203}.Debug|Any CPU.Build.0 = Debug|Any CPU
		{24C8E797-9609-4F11-8C0D-EC2AD7BB0203}.Release|Any CPU.ActiveCfg = Release|Any CPU
		{24C8E797-9609-4F11-8C0D-EC2AD7BB0203}.Release|Any CPU.Build.0 = Release|Any CPU
	EndGlobalSection
	GlobalSection(SolutionProperties) = preSolution
		HideSolutionNode = FALSE
	EndGlobalSection
	GlobalSection(ExtensibilityGlobals) = postSolution
		SolutionGuid = {24938C00-F74A-47B0-B110-0F192B69BB76}
	EndGlobalSection
EndGlobal
